
Microsoft Visual Studio Solution File, Format Version 12.00
# Visual Studio Version 16
VisualStudioVersion = 16.0.31025.218
MinimumVisualStudioVersion = 10.0.40219.1
Project("{9A19103F-16F7-4668-BE54-9A1E7A4F7556}") = "ShortLink", "src\ShortLink.csproj", "{91B8B36B-6C2A-449F-98DC-74BE92EB3A95}"
EndProject
Global
	GlobalSection(SolutionConfigurationPlatforms) = preSolution
		Debug|Any CPU = Debug|Any CPU
		Release|Any CPU = Release|Any CPU
	EndGlobalSection
	GlobalSection(ProjectConfigurationPlatforms) = postSolution
		{91B8B36B-6C2A-449F-98DC-74BE92EB3A95}.Debug|Any CPU.ActiveCfg = Debug|Any CPU
		{91B8B36B-6C2A-449F-98DC-74BE92EB3A95}.Debug|Any CPU.Build.0 = Debug|Any CPU
		{91B8B36B-6C2A-449F-98DC-74BE92EB3A95}.Release|Any CPU.ActiveCfg = Release|Any CPU
		{91B8B36B-6C2A-449F-98DC-74BE92EB3A95}.Release|Any CPU.Build.0 = Release|Any CPU
	EndGlobalSection
	GlobalSection(SolutionProperties) = preSolution
		HideSolutionNode = FALSE
	EndGlobalSection
	GlobalSection(ExtensibilityGlobals) = postSolution
		SolutionGuid = {54F7032A-F485-43D2-9751-61077F57DDB8}
	EndGlobalSection
EndGlobal
